
Microsoft Visual Studio Solution File, Format Version 12.00
# Visual Studio Version 17
VisualStudioVersion = 17.2.32630.192
MinimumVisualStudioVersion = 10.0.40219.1
Project("{FAE04EC0-301F-11D3-BF4B-00C04F79EFBC}") = "POC_ConsumeAPI", "POC_ConsumeAPI\POC_ConsumeAPI.csproj", "{63868B17-1E09-40FA-A816-0A91103AA736}"
EndProject
Global
	GlobalSection(SolutionConfigurationPlatforms) = preSolution
		Debug|Any CPU = Debug|Any CPU
		Release|Any CPU = Release|Any CPU
	EndGlobalSection
	GlobalSection(ProjectConfigurationPlatforms) = postSolution
		{63868B17-1E09-40FA-A816-0A91103AA736}.Debug|Any CPU.ActiveCfg = Debug|Any CPU
		{63868B17-1E09-40FA-A816-0A91103AA736}.Debug|Any CPU.Build.0 = Debug|Any CPU
		{63868B17-1E09-40FA-A816-0A91103AA736}.Release|Any CPU.ActiveCfg = Release|Any CPU
		{63868B17-1E09-40FA-A816-0A91103AA736}.Release|Any CPU.Build.0 = Release|Any CPU
	EndGlobalSection
	GlobalSection(SolutionProperties) = preSolution
		HideSolutionNode = FALSE
	EndGlobalSection
	GlobalSection(ExtensibilityGlobals) = postSolution
		SolutionGuid = {C590AB6A-D608-446A-AE35-B651768613C8}
	EndGlobalSection
EndGlobal
